// !$*UTF8*$!
{
	archiveVersion = 1;
	classes = {
	};
	objectVersion = 46;
	objects = {

/* Begin PBXBuildFile section */
		1B9550EA1D5B718600BBAE20 /* AppDelegate.swift in Sources */ = {isa = PBXBuildFile; fileRef = 1B9550E91D5B718600BBAE20 /* AppDelegate.swift */; };
		1B9550EF1D5B718600BBAE20 /* Main.storyboard in Resources */ = {isa = PBXBuildFile; fileRef = 1B9550ED1D5B718600BBAE20 /* Main.storyboard */; };
		1B9550F11D5B718600BBAE20 /* Assets.xcassets in Resources */ = {isa = PBXBuildFile; fileRef = 1B9550F01D5B718600BBAE20 /* Assets.xcassets */; };
		1B9550F41D5B718600BBAE20 /* LaunchScreen.storyboard in Resources */ = {isa = PBXBuildFile; fileRef = 1B9550F21D5B718600BBAE20 /* LaunchScreen.storyboard */; };
		43C29EFB1D5BB3DB00E035E3 /* TeamViewController.swift in Sources */ = {isa = PBXBuildFile; fileRef = 43C29EFA1D5BB3DB00E035E3 /* TeamViewController.swift */; };
		43C29EFD1D5BB46C00E035E3 /* TeamMember.swift in Sources */ = {isa = PBXBuildFile; fileRef = 43C29EFC1D5BB46C00E035E3 /* TeamMember.swift */; };
		43C29EFF1D5BB48600E035E3 /* TeamDetailViewController.swift in Sources */ = {isa = PBXBuildFile; fileRef = 43C29EFE1D5BB48600E035E3 /* TeamDetailViewController.swift */; };
/* End PBXBuildFile section */

/* Begin PBXFileReference section */
		1B9550E61D5B718600BBAE20 /* TeamMemberTableSegues.app */ = {isa = PBXFileReference; explicitFileType = wrapper.application; includeInIndex = 0; path = TeamMemberTableSegues.app; sourceTree = BUILT_PRODUCTS_DIR; };
		1B9550E91D5B718600BBAE20 /* AppDelegate.swift */ = {isa = PBXFileReference; lastKnownFileType = sourcecode.swift; path = AppDelegate.swift; sourceTree = "<group>"; };
		1B9550EE1D5B718600BBAE20 /* Base */ = {isa = PBXFileReference; lastKnownFileType = file.storyboard; name = Base; path = Base.lproj/Main.storyboard; sourceTree = "<group>"; };
		1B9550F01D5B718600BBAE20 /* Assets.xcassets */ = {isa = PBXFileReference; lastKnownFileType = folder.assetcatalog; path = Assets.xcassets; sourceTree = "<group>"; };
		1B9550F31D5B718600BBAE20 /* Base */ = {isa = PBXFileReference; lastKnownFileType = file.storyboard; name = Base; path = Base.lproj/LaunchScreen.storyboard; sourceTree = "<group>"; };
		1B9550F51D5B718600BBAE20 /* Info.plist */ = {isa = PBXFileReference; lastKnownFileType = text.plist.xml; path = Info.plist; sourceTree = "<group>"; };
		43C29EFA1D5BB3DB00E035E3 /* TeamViewController.swift */ = {isa = PBXFileReference; fileEncoding = 4; lastKnownFileType = sourcecode.swift; path = TeamViewController.swift; sourceTree = "<group>"; };
		43C29EFC1D5BB46C00E035E3 /* TeamMember.swift */ = {isa = PBXFileReference; fileEncoding = 4; lastKnownFileType = sourcecode.swift; path = TeamMember.swift; sourceTree = "<group>"; };
		43C29EFE1D5BB48600E035E3 /* TeamDetailViewController.swift */ = {isa = PBXFileReference; fileEncoding = 4; lastKnownFileType = sourcecode.swift; path = TeamDetailViewController.swift; sourceTree = "<group>"; };
/* End PBXFileReference section */

/* Begin PBXFrameworksBuildPhase section */
		1B9550E31D5B718600BBAE20 /* Frameworks */ = {
			isa = PBXFrameworksBuildPhase;
			buildActionMask = 2147483647;
			files = (
			);
			runOnlyForDeploymentPostprocessing = 0;
		};
/* End PBXFrameworksBuildPhase section */

/* Begin PBXGroup section */
		1B9550DD1D5B718600BBAE20 = {
			isa = PBXGroup;
			children = (
				1B9550E81D5B718600BBAE20 /* TeamMemberTableSegues */,
				1B9550E71D5B718600BBAE20 /* Products */,
			);
			sourceTree = "<group>";
		};
		1B9550E71D5B718600BBAE20 /* Products */ = {
			isa = PBXGroup;
			children = (
				1B9550E61D5B718600BBAE20 /* TeamMemberTableSegues.app */,
			);
			name = Products;
			sourceTree = "<group>";
		};
		1B9550E81D5B718600BBAE20 /* TeamMemberTableSegues */ = {
			isa = PBXGroup;
			children = (
				43C29EFE1D5BB48600E035E3 /* TeamDetailViewController.swift */,
				43C29EFA1D5BB3DB00E035E3 /* TeamViewController.swift */,
				43C29EFC1D5BB46C00E035E3 /* TeamMember.swift */,
				1B9550E91D5B718600BBAE20 /* AppDelegate.swift */,
				1B9550ED1D5B718600BBAE20 /* Main.storyboard */,
				1B9550F01D5B718600BBAE20 /* Assets.xcassets */,
				1B9550F21D5B718600BBAE20 /* LaunchScreen.storyboard */,
				1B9550F51D5B718600BBAE20 /* Info.plist */,
			);
			path = TeamMemberTableSegues;
			sourceTree = "<group>";
		};
/* End PBXGroup section */

/* Begin PBXNativeTarget section */
		1B9550E51D5B718600BBAE20 /* TeamMemberTableSegues */ = {
			isa = PBXNativeTarget;
			buildConfigurationList = 1B9550F81D5B718600BBAE20 /* Build configuration list for PBXNativeTarget "TeamMemberTableSegues" */;
			buildPhases = (
				1B9550E21D5B718600BBAE20 /* Sources */,
				1B9550E31D5B718600BBAE20 /* Frameworks */,
				1B9550E41D5B718600BBAE20 /* Resources */,
			);
			buildRules = (
			);
			dependencies = (
			);
			name = TeamMemberTableSegues;
			productName = TeamMemberTableSegues;
			productReference = 1B9550E61D5B718600BBAE20 /* TeamMemberTableSegues.app */;
			productType = "com.apple.product-type.application";
		};
/* End PBXNativeTarget section */

/* Begin PBXProject section */
		1B9550DE1D5B718600BBAE20 /* Project object */ = {
			isa = PBXProject;
			attributes = {
				LastSwiftUpdateCheck = 0730;
				LastUpgradeCheck = 0730;
				ORGANIZATIONNAME = "Flatiron School";
				TargetAttributes = {
					1B9550E51D5B718600BBAE20 = {
						CreatedOnToolsVersion = 7.3.1;
						LastSwiftMigration = 0820;
					};
				};
			};
			buildConfigurationList = 1B9550E11D5B718600BBAE20 /* Build configuration list for PBXProject "TeamMemberTableSegues" */;
			compatibilityVersion = "Xcode 3.2";
			developmentRegion = English;
			hasScannedForEncodings = 0;
			knownRegions = (
				en,
				Base,
			);
			mainGroup = 1B9550DD1D5B718600BBAE20;
			productRefGroup = 1B9550E71D5B718600BBAE20 /* Products */;
			projectDirPath = "";
			projectRoot = "";
			targets = (
				1B9550E51D5B718600BBAE20 /* TeamMemberTableSegues */,
			);
		};
/* End PBXProject section */

/* Begin PBXResourcesBuildPhase section */
		1B9550E41D5B718600BBAE20 /* Resources */ = {
			isa = PBXResourcesBuildPhase;
			buildActionMask = 2147483647;
			files = (
				1B9550F41D5B718600BBAE20 /* LaunchScreen.storyboard in Resources */,
				1B9550F11D5B718600BBAE20 /* Assets.xcassets in Resources */,
				1B9550EF1D5B718600BBAE20 /* Main.storyboard in Resources */,
			);
			runOnlyForDeploymentPostprocessing = 0;
		};
/* End PBXResourcesBuildPhase section */

/* Begin PBXSourcesBuildPhase section */
		1B9550E21D5B718600BBAE20 /* Sources */ = {
			isa = PBXSourcesBuildPhase;
			buildActionMask = 2147483647;
			files = (
				43C29EFB1D5BB3DB00E035E3 /* TeamViewController.swift in Sources */,
				1B9550EA1D5B718600BBAE20 /* AppDelegate.swift in Sources */,
				43C29EFF1D5BB48600E035E3 /* TeamDetailViewController.swift in Sources */,
				43C29EFD1D5BB46C00E035E3 /* TeamMember.swift in Sources */,
			);
			runOnlyForDeploymentPostprocessing = 0;
		};
/* End PBXSourcesBuildPhase section */

/* Begin PBXVariantGroup section */
		1B9550ED1D5B718600BBAE20 /* Main.storyboard */ = {
			isa = PBXVariantGroup;
			children = (
				1B9550EE1D5B718600BBAE20 /* Base */,
			);
			name = Main.storyboard;
			sourceTree = "<group>";
		};
		1B9550F21D5B718600BBAE20 /* LaunchScreen.storyboard */ = {
			isa = PBXVariantGroup;
			children = (
				1B9550F31D5B718600BBAE20 /* Base */,
			);
			name = LaunchScreen.storyboard;
			sourceTree = "<group>";
		};
/* End PBXVariantGroup section */

/* Begin XCBuildConfiguration section */
		1B9550F61D5B718600BBAE20 /* Debug */ = {
			isa = XCBuildConfiguration;
			buildSettings = {
				ALWAYS_SEARCH_USER_PATHS = NO;
				CLANG_ANALYZER_NONNULL = YES;
				CLANG_CXX_LANGUAGE_STANDARD = "gnu++0x";
				CLANG_CXX_LIBRARY = "libc++";
				CLANG_ENABLE_MODULES = YES;
				CLANG_ENABLE_OBJC_ARC = YES;
				CLANG_WARN_BOOL_CONVERSION = YES;
				CLANG_WARN_CONSTANT_CONVERSION = YES;
				CLANG_WARN_DIRECT_OBJC_ISA_USAGE = YES_ERROR;
				CLANG_WARN_EMPTY_BODY = YES;
				CLANG_WARN_ENUM_CONVERSION = YES;
				CLANG_WARN_INT_CONVERSION = YES;
				CLANG_WARN_OBJC_ROOT_CLASS = YES_ERROR;
				CLANG_WARN_UNREACHABLE_CODE = YES;
				CLANG_WARN__DUPLICATE_METHOD_MATCH = YES;
				"CODE_SIGN_IDENTITY[sdk=iphoneos*]" = "iPhone Developer";
				COPY_PHASE_STRIP = NO;
				DEBUG_INFORMATION_FORMAT = dwarf;
				ENABLE_STRICT_OBJC_MSGSEND = YES;
				ENABLE_TESTABILITY = YES;
				GCC_C_LANGUAGE_STANDARD = gnu99;
				GCC_DYNAMIC_NO_PIC = NO;
				GCC_NO_COMMON_BLOCKS = YES;
				GCC_OPTIMIZATION_LEVEL = 0;
				GCC_PREPROCESSOR_DEFINITIONS = (
					"DEBUG=1",
					"$(inherited)",
				);
				GCC_WARN_64_TO_32_BIT_CONVERSION = YES;
				GCC_WARN_ABOUT_RETURN_TYPE = YES_ERROR;
				GCC_WARN_UNDECLARED_SELECTOR = YES;
				GCC_WARN_UNINITIALIZED_AUTOS = YES_AGGRESSIVE;
				GCC_WARN_UNUSED_FUNCTION = YES;
				GCC_WARN_UNUSED_VARIABLE = YES;
				IPHONEOS_DEPLOYMENT_TARGET = 9.3;
				MTL_ENABLE_DEBUG_INFO = YES;
				ONLY_ACTIVE_ARCH = YES;
				SDKROOT = iphoneos;
				SWIFT_OPTIMIZATION_LEVEL = "-Onone";
			};
			name = Debug;
		};
		1B9550F71D5B718600BBAE20 /* Release */ = {
			isa = XCBuildConfiguration;
			buildSettings = {
				ALWAYS_SEARCH_USER_PATHS = NO;
				CLANG_ANALYZER_NONNULL = YES;
				CLANG_CXX_LANGUAGE_STANDARD = "gnu++0x";
				CLANG_CXX_LIBRARY = "libc++";
				CLANG_ENABLE_MODULES = YES;
				CLANG_ENABLE_OBJC_ARC = YES;
				CLANG_WARN_BOOL_CONVERSION = YES;
				CLANG_WARN_CONSTANT_CONVERSION = YES;
				CLANG_WARN_DIRECT_OBJC_ISA_USAGE = YES_ERROR;
				CLANG_WARN_EMPTY_BODY = YES;
				CLANG_WARN_ENUM_CONVERSION = YES;
				CLANG_WARN_INT_CONVERSION = YES;
				CLANG_WARN_OBJC_ROOT_CLASS = YES_ERROR;
				CLANG_WARN_UNREACHABLE_CODE = YES;
				CLANG_WARN__DUPLICATE_METHOD_MATCH = YES;
				"CODE_SIGN_IDENTITY[sdk=iphoneos*]" = "iPhone Developer";
				COPY_PHASE_STRIP = NO;
				DEBUG_INFORMATION_FORMAT = "dwarf-with-dsym";
				ENABLE_NS_ASSERTIONS = NO;
				ENABLE_STRICT_OBJC_MSGSEND = YES;
				GCC_C_LANGUAGE_STANDARD = gnu99;
				GCC_NO_COMMON_BLOCKS = YES;
				GCC_WARN_64_TO_32_BIT_CONVERSION = YES;
				GCC_WARN_ABOUT_RETURN_TYPE = YES_ERROR;
				GCC_WARN_UNDECLARED_SELECTOR = YES;
				GCC_WARN_UNINITIALIZED_AUTOS = YES_AGGRESSIVE;
				GCC_WARN_UNUSED_FUNCTION = YES;
				GCC_WARN_UNUSED_VARIABLE = YES;
				IPHONEOS_DEPLOYMENT_TARGET = 9.3;
				MTL_ENABLE_DEBUG_INFO = NO;
				SDKROOT = iphoneos;
				VALIDATE_PRODUCT = YES;
			};
			name = Release;
		};
		1B9550F91D5B718600BBAE20 /* Debug */ = {
			isa = XCBuildConfiguration;
			buildSettings = {
				ASSETCATALOG_COMPILER_APPICON_NAME = AppIcon;
				INFOPLIST_FILE = TeamMemberTableSegues/Info.plist;
				LD_RUNPATH_SEARCH_PATHS = "$(inherited) @executable_path/Frameworks";
				PRODUCT_BUNDLE_IDENTIFIER = FlatironSchool.com.TeamMemberTableSegues;
				PRODUCT_NAME = "$(TARGET_NAME)";
				SWIFT_VERSION = 3.0;
			};
			name = Debug;
		};
		1B9550FA1D5B718600BBAE20 /* Release */ = {
			isa = XCBuildConfiguration;
			buildSettings = {
				ASSETCATALOG_COMPILER_APPICON_NAME = AppIcon;
				INFOPLIST_FILE = TeamMemberTableSegues/Info.plist;
				LD_RUNPATH_SEARCH_PATHS = "$(inherited) @executable_path/Frameworks";
				PRODUCT_BUNDLE_IDENTIFIER = FlatironSchool.com.TeamMemberTableSegues;
				PRODUCT_NAME = "$(TARGET_NAME)";
				SWIFT_VERSION = 3.0;
			};
			name = Release;
		};
/* End XCBuildConfiguration section */

/* Begin XCConfigurationList section */
		1B9550E11D5B718600BBAE20 /* Build configuration list for PBXProject "TeamMemberTableSegues" */ = {
			isa = XCConfigurationList;
			buildConfigurations = (
				1B9550F61D5B718600BBAE20 /* Debug */,
				1B9550F71D5B718600BBAE20 /* Release */,
			);
			defaultConfigurationIsVisible = 0;
			defaultConfigurationName = Release;
		};
		1B9550F81D5B718600BBAE20 /* Build configuration list for PBXNativeTarget "TeamMemberTableSegues" */ = {
			isa = XCConfigurationList;
			buildConfigurations = (
				1B9550F91D5B718600BBAE20 /* Debug */,
				1B9550FA1D5B718600BBAE20 /* Release */,
			);
			defaultConfigurationIsVisible = 0;
			defaultConfigurationName = Release;
		};
/* End XCConfigurationList section */
	};
	rootObject = 1B9550DE1D5B718600BBAE20 /* Project object */;
}
